<?xml version="1.0" encoding="utf-8"?>
<Project ToolsVersion="4.0" xmlns="http://schemas.microsoft.com/developer/msbuild/2003">
  <ItemGroup>
    <Filter Include="Source Files">
      <UniqueIdentifier>{4FC737F1-C7A5-4376-A066-2A32D752A2FF}</UniqueIdentifier>
      <Extensions>cpp;cxx;c;def</Extensions>
    </Filter>
    <Filter Include="Header Files">
      <UniqueIdentifier>{93995380-89BD-4b04-88EB-625FBE52EBFB}</UniqueIdentifier>
      <Extensions>h</Extensions>
    </Filter>
    <Filter Include="Form Files">
      <UniqueIdentifier>{99349809-55BA-4b9d-BF79-8FDBB0286EB3}</UniqueIdentifier>
      <Extensions>ui</Extensions>
    </Filter>
    <Filter Include="Resource Files">
      <UniqueIdentifier>{D9D6E242-F8AF-46E4-B9FD-80ECBC20BA3E}</UniqueIdentifier>
      <Extensions>qrc;*</Extensions>
      <ParseFiles>false</ParseFiles>
    </Filter>
    <Filter Include="Generated Files">
      <UniqueIdentifier>{71ED8ED8-ACB9-4CE9-BBE1-E00B30144E11}</UniqueIdentifier>
      <Extensions>moc;h;cpp</Extensions>
      <SourceControlFiles>False</SourceControlFiles>
    </Filter>
    <Filter Include="Generated Files\Release">
      <UniqueIdentifier>{77fa0db0-03cd-4554-ba12-5b7a1f81cff5}</UniqueIdentifier>
      <Extensions>cpp;moc</Extensions>
      <SourceControlFiles>False</SourceControlFiles>
    </Filter>
    <Filter Include="Generated Files\Debug">
      <UniqueIdentifier>{9b794725-4a3d-43c8-9013-e1aa9908c750}</UniqueIdentifier>
      <Extensions>cpp;moc</Extensions>
      <SourceControlFiles>False</SourceControlFiles>
    </Filter>
    <Filter Include="Generated Files\Template">
      <UniqueIdentifier>{24dc9573-c46e-4eec-9312-c49a9582b0cc}</UniqueIdentifier>
      <Extensions>cpp;moc</Extensions>
      <SourceControlFiles>False</SourceControlFiles>
    </Filter>
    <Filter Include="Source Files\minizip1.1">
      <UniqueIdentifier>{b8508414-da56-4058-8e57-ae0d44bf1e1a}</UniqueIdentifier>
    </Filter>
  </ItemGroup>
  <ItemGroup>
    <ClCompile Include="AudioMedia.cpp">
      <Filter>Source Files</Filter>
    </ClCompile>
    <ClCompile Include="LogDlg.cpp">
      <Filter>Source Files</Filter>
    </ClCompile>
    <ClCompile Include="main.cpp">
      <Filter>Source Files</Filter>
    </ClCompile>
    <ClCompile Include="MainWindow.cpp">
      <Filter>Source Files</Filter>
    </ClCompile>
    <ClCompile Include="PcAudioPlayer.cpp">
      <Filter>Source Files</Filter>
    </ClCompile>
    <ClCompile Include="PcPlayerSupport.cpp">
      <Filter>Source Files</Filter>
    </ClCompile>
    <ClCompile Include="PcScene.cpp">
      <Filter>Source Files</Filter>
    </ClCompile>
    <ClCompile Include="PcVideoPlayer.cpp">
      <Filter>Source Files</Filter>
    </ClCompile>
    <ClCompile Include="stdafx.cpp">
      <Filter>Source Files</Filter>
    </ClCompile>
    <ClCompile Include="Utils.cpp">
      <Filter>Source Files</Filter>
    </ClCompile>
    <ClCompile Include="VideoControlsWidget.cpp">
      <Filter>Source Files</Filter>
    </ClCompile>
    <ClCompile Include="VideoMedia.cpp">
      <Filter>Source Files</Filter>
    </ClCompile>
    <ClCompile Include="GeneratedFiles\qrc_playerqt.cpp">
      <Filter>Generated Files</Filter>
    </ClCompile>
    <ClCompile Include="GeneratedFiles\Release\moc_MainWindow.cpp">
      <Filter>Generated Files\Release</Filter>
    </ClCompile>
    <ClCompile Include="GeneratedFiles\Release\moc_PcScene.cpp">
      <Filter>Generated Files\Release</Filter>
    </ClCompile>
    <ClCompile Include="GeneratedFiles\Release\moc_VideoControlsWidget.cpp">
      <Filter>Generated Files\Release</Filter>
    </ClCompile>
    <ClCompile Include="GeneratedFiles\Debug\moc_MainWindow.cpp">
      <Filter>Generated Files\Debug</Filter>
    </ClCompile>
    <ClCompile Include="GeneratedFiles\Debug\moc_PcScene.cpp">
      <Filter>Generated Files\Debug</Filter>
    </ClCompile>
    <ClCompile Include="GeneratedFiles\Debug\moc_VideoControlsWidget.cpp">
      <Filter>Generated Files\Debug</Filter>
    </ClCompile>
    <ClCompile Include="TextSelectUI.cpp">
      <Filter>Source Files</Filter>
    </ClCompile>
    <ClCompile Include="GeneratedFiles\Debug\moc_TextSelectUI.cpp">
      <Filter>Generated Files\Debug</Filter>
    </ClCompile>
    <ClCompile Include="GeneratedFiles\Release\moc_TextSelectUI.cpp">
      <Filter>Generated Files\Release</Filter>
    </ClCompile>
    <ClCompile Include="GeneratedFiles\Template\moc_TextSelectUI.cpp">
      <Filter>Generated Files\Template</Filter>
    </ClCompile>
    <ClCompile Include="ContentWindow.cpp">
      <Filter>Source Files</Filter>
    </ClCompile>
    <ClCompile Include="STWindow.cpp">
      <Filter>Source Files</Filter>
    </ClCompile>
    <ClCompile Include="GeneratedFiles\Debug\moc_STWindow.cpp">
      <Filter>Generated Files\Debug</Filter>
    </ClCompile>
    <ClCompile Include="GeneratedFiles\Release\moc_STWindow.cpp">
      <Filter>Generated Files\Release</Filter>
    </ClCompile>
    <ClCompile Include="GeneratedFiles\Template\moc_STWindow.cpp">
      <Filter>Generated Files\Template</Filter>
    </ClCompile>
    <ClCompile Include="ImgButton.cpp">
      <Filter>Source Files</Filter>
    </ClCompile>
    <ClCompile Include="GeneratedFiles\Debug\moc_ImgButton.cpp">
      <Filter>Generated Files\Debug</Filter>
    </ClCompile>
    <ClCompile Include="GeneratedFiles\Release\moc_ImgButton.cpp">
      <Filter>Generated Files\Release</Filter>
    </ClCompile>
    <ClCompile Include="GeneratedFiles\Template\moc_ImgButton.cpp">
      <Filter>Generated Files\Template</Filter>
    </ClCompile>
    <ClCompile Include="..\..\GlContentEditor\Editor\minizip1.1\ioapi.c">
      <Filter>Source Files\minizip1.1</Filter>
    </ClCompile>
    <ClCompile Include="..\..\GlContentEditor\Editor\minizip1.1\mztools.c">
      <Filter>Source Files\minizip1.1</Filter>
    </ClCompile>
    <ClCompile Include="..\..\GlContentEditor\Editor\minizip1.1\unzip.c">
      <Filter>Source Files\minizip1.1</Filter>
    </ClCompile>
    <ClCompile Include="..\..\GlContentEditor\Editor\minizip1.1\zip.c">
      <Filter>Source Files\minizip1.1</Filter>
    </ClCompile>
    <ClCompile Include="DecompressingDlg.cpp">
      <Filter>Source Files</Filter>
    </ClCompile>
    <ClCompile Include="GeneratedFiles\Debug\moc_DecompressingDlg.cpp">
      <Filter>Generated Files\Debug</Filter>
    </ClCompile>
    <ClCompile Include="GeneratedFiles\Release\moc_DecompressingDlg.cpp">
      <Filter>Generated Files\Release</Filter>
    </ClCompile>
    <ClCompile Include="GeneratedFiles\Template\moc_DecompressingDlg.cpp">
      <Filter>Generated Files\Template</Filter>
    </ClCompile>
    <ClCompile Include="decompress.cpp">
      <Filter>Source Files</Filter>
    </ClCompile>
  </ItemGroup>
  <ItemGroup>
    <ClInclude Include="AudioMedia.h">
      <Filter>Source Files</Filter>
    </ClInclude>
    <ClInclude Include="LogDlg.h">
      <Filter>Source Files</Filter>
    </ClInclude>
    <ClInclude Include="PcAudioPlayer.h">
      <Filter>Source Files</Filter>
    </ClInclude>
    <ClInclude Include="PcPlayerSupport.h">
      <Filter>Source Files</Filter>
    </ClInclude>
    <ClInclude Include="PcVideoPlayer.h">
      <Filter>Source Files</Filter>
    </ClInclude>
    <ClInclude Include="stdafx.h">
      <Filter>Source Files</Filter>
    </ClInclude>
    <ClInclude Include="Utils.h">
      <Filter>Source Files</Filter>
    </ClInclude>
    <ClInclude Include="VideoMedia.h">
      <Filter>Source Files</Filter>
    </ClInclude>
    <ClInclude Include="FittingRoom.h">
      <Filter>Header Files</Filter>
    </ClInclude>
    <ClInclude Include="GeneratedFiles\ui_LogDlg.h">
      <Filter>Generated Files</Filter>
    </ClInclude>
    <ClInclude Include="GeneratedFiles\ui_MemoDlg.h">
      <Filter>Generated Files</Filter>
    </ClInclude>
    <ClInclude Include="GeneratedFiles\ui_MemosDlg.h">
      <Filter>Generated Files</Filter>
    </ClInclude>
    <ClInclude Include="GeneratedFiles\ui_SearchDlg.h">
      <Filter>Generated Files</Filter>
    </ClInclude>
    <ClInclude Include="qedit.h">
      <Filter>Source Files</Filter>
    </ClInclude>
    <ClInclude Include="ContentWindow.h">
      <Filter>Source Files</Filter>
    </ClInclude>
    <ClInclude Include="..\..\GlContentEditor\Editor\minizip1.1\crypt.h">
      <Filter>Source Files\minizip1.1</Filter>
    </ClInclude>
    <ClInclude Include="..\..\GlContentEditor\Editor\minizip1.1\zip.h">
      <Filter>Source Files\minizip1.1</Filter>
    </ClInclude>
    <ClInclude Include="..\..\GlContentEditor\Editor\minizip1.1\ioapi.h">
      <Filter>Source Files\minizip1.1</Filter>
    </ClInclude>
    <ClInclude Include="..\..\GlContentEditor\Editor\minizip1.1\mztools.h">
      <Filter>Source Files\minizip1.1</Filter>
    </ClInclude>
    <ClInclude Include="..\..\GlContentEditor\Editor\minizip1.1\unzip.h">
      <Filter>Source Files\minizip1.1</Filter>
    </ClInclude>
    <ClInclude Include="GeneratedFiles\ui_DecompressingDlg.h">
      <Filter>Generated Files</Filter>
    </ClInclude>
    <ClInclude Include="decompress.h">
      <Filter>Source Files</Filter>
    </ClInclude>
  </ItemGroup>
  <ItemGroup>
    <CustomBuildStep Include="Resources\playbackControl\bar_back.png">
      <Filter>Resource Files</Filter>
    </CustomBuildStep>
    <CustomBuildStep Include="Resources\playbackControl\full_active.png">
      <Filter>Resource Files</Filter>
    </CustomBuildStep>
    <CustomBuildStep Include="Resources\playbackControl\full_inactive.png">
      <Filter>Resource Files</Filter>
    </CustomBuildStep>
    <CustomBuildStep Include="Resources\playbackControl\play.png">
      <Filter>Resource Files</Filter>
    </CustomBuildStep>
    <CustomBuildStep Include="Resources\playbackControl\playbar.png">
      <Filter>Resource Files</Filter>
    </CustomBuildStep>
    <CustomBuildStep Include="Resources\playbackControl\playbar_left.png">
      <Filter>Resource Files</Filter>
    </CustomBuildStep>
    <CustomBuildStep Include="Resources\playbackControl\playbar_played.png">
      <Filter>Resource Files</Filter>
    </CustomBuildStep>
    <CustomBuildStep Include="Resources\playbackControl\playbar_played_left.png">
      <Filter>Resource Files</Filter>
    </CustomBuildStep>
    <CustomBuildStep Include="Resources\playbackControl\playbar_played_right.png">
      <Filter>Resource Files</Filter>
    </CustomBuildStep>
    <CustomBuildStep Include="Resources\playbackControl\playbar_right.png">
      <Filter>Resource Files</Filter>
    </CustomBuildStep>
    <CustomBuildStep Include="Resources\playbackControl\point.png">
      <Filter>Resource Files</Filter>
    </CustomBuildStep>
    <CustomBuildStep Include="Resources\playbackControl\stop.png">
      <Filter>Resource Files</Filter>
    </CustomBuildStep>
  </ItemGroup>
  <ItemGroup>
    <CustomBuild Include="MainWindow.h">
      <Filter>Source Files</Filter>
    </CustomBuild>
    <CustomBuild Include="PcScene.h">
      <Filter>Source Files</Filter>
    </CustomBuild>
    <CustomBuild Include="VideoControlsWidget.h">
      <Filter>Source Files</Filter>
    </CustomBuild>
    <CustomBuild Include="playerqt.qrc">
      <Filter>Resource Files</Filter>
    </CustomBuild>
    <CustomBuild Include="LogDlg.ui">
      <Filter>Form Files</Filter>
    </CustomBuild>
    <CustomBuild Include="TextSelectUI.h">
      <Filter>Source Files</Filter>
    </CustomBuild>
    <CustomBuild Include="MemoDlg.ui">
      <Filter>Form Files</Filter>
    </CustomBuild>
    <CustomBuild Include="MemosDlg.ui">
      <Filter>Form Files</Filter>
    </CustomBuild>
    <CustomBuild Include="SearchDlg.ui">
      <Filter>Form Files</Filter>
    </CustomBuild>
    <CustomBuild Include="STWindow.h">
      <Filter>Source Files</Filter>
    </CustomBuild>
    <CustomBuild Include="ImgButton.h">
      <Filter>Source Files</Filter>
    </CustomBuild>
    <CustomBuild Include="DecompressingDlg.ui">
      <Filter>Form Files</Filter>
    </CustomBuild>
    <CustomBuild Include="DecompressingDlg.h">
      <Filter>Source Files</Filter>
    </CustomBuild>
  </ItemGroup>
</Project>